{
    "name": "lab-js",
    "lockfileVersion": 2,
    "requires": true,
    "packages": {
        "": {
            "name": "lab-js",
            "dependencies": {
                "async": "3.2.x",
                "q": "1.5.x",
                "walkdir": "^0.4.1"
            }
        },
        "node_modules/async": {
            "version": "3.2.4",
            "resolved": "https://registry.npmjs.org/async/-/async-3.2.4.tgz",
            "integrity": "sha512-iAB+JbDEGXhyIUavoDl9WP/Jj106Kz9DEn1DPgYw5ruDn0e3Wgi3sKFm55sASdGBNOQB8F59d9qQ7deqrHA8wQ=="
        },
        "node_modules/q": {
            "version": "1.5.1",
            "resolved": "https://registry.npmjs.org/q/-/q-1.5.1.tgz",
            "integrity": "sha512-kV/CThkXo6xyFEZUugw/+pIOywXcDbFYgSct5cT3gqlbkBE1SJdwy6UQoZvodiWF/ckQLZyDE/Bu1M6gVu5lVw==",
            "engines": {
                "node": ">=0.6.0",
                "teleport": ">=0.2.0"
            }
        },
        "node_modules/walkdir": {
            "version": "0.4.1",
            "resolved": "https://registry.npmjs.org/walkdir/-/walkdir-0.4.1.tgz",
            "integrity": "sha512-3eBwRyEln6E1MSzcxcVpQIhRG8Q1jLvEqRmCZqS3dsfXEDR/AhOF4d+jHg1qvDCpYaVRZjENPQyrVxAkQqxPgQ==",
            "engines": {
                "node": ">=6.0.0"
            }
        }
    },
    "dependencies": {
        "async": {
            "version": "3.2.4",
            "resolved": "https://registry.npmjs.org/async/-/async-3.2.4.tgz",
            "integrity": "sha512-iAB+JbDEGXhyIUavoDl9WP/Jj106Kz9DEn1DPgYw5ruDn0e3Wgi3sKFm55sASdGBNOQB8F59d9qQ7deqrHA8wQ=="
        },
        "q": {
            "version": "1.5.1",
            "resolved": "https://registry.npmjs.org/q/-/q-1.5.1.tgz",
            "integrity": "sha512-kV/CThkXo6xyFEZUugw/+pIOywXcDbFYgSct5cT3gqlbkBE1SJdwy6UQoZvodiWF/ckQLZyDE/Bu1M6gVu5lVw=="
        },
        "walkdir": {
            "version": "0.4.1",
            "resolved": "https://registry.npmjs.org/walkdir/-/walkdir-0.4.1.tgz",
            "integrity": "sha512-3eBwRyEln6E1MSzcxcVpQIhRG8Q1jLvEqRmCZqS3dsfXEDR/AhOF4d+jHg1qvDCpYaVRZjENPQyrVxAkQqxPgQ=="
        }
    }
}
